
Microsoft Visual Studio Solution File, Format Version 12.00
# Visual Studio Version 16
VisualStudioVersion = 16.0.31105.61
MinimumVisualStudioVersion = 10.0.40219.1
Project("{FAE04EC0-301F-11D3-BF4B-00C04F79EFBC}") = "EjercicioMensajero", "EjercicioMensajero\EjercicioMensajero.csproj", "{18EE6643-D570-47B7-9736-4E2B0BD204E6}"
EndProject
Project("{FAE04EC0-301F-11D3-BF4B-00C04F79EFBC}") = "MensajeroModel", "MensajeroModel\MensajeroModel.csproj", "{A4965824-A5FF-4026-B1AC-51A3585D0467}"
EndProject
Global
	GlobalSection(SolutionConfigurationPlatforms) = preSolution
		Debug|Any CPU = Debug|Any CPU
		Release|Any CPU = Release|Any CPU
	EndGlobalSection
	GlobalSection(ProjectConfigurationPlatforms) = postSolution
		{18EE6643-D570-47B7-9736-4E2B0BD204E6}.Debug|Any CPU.ActiveCfg = Debug|Any CPU
		{18EE6643-D570-47B7-9736-4E2B0BD204E6}.Debug|Any CPU.Build.0 = Debug|Any CPU
		{18EE6643-D570-47B7-9736-4E2B0BD204E6}.Release|Any CPU.ActiveCfg = Release|Any CPU
		{18EE6643-D570-47B7-9736-4E2B0BD204E6}.Release|Any CPU.Build.0 = Release|Any CPU
		{A4965824-A5FF-4026-B1AC-51A3585D0467}.Debug|Any CPU.ActiveCfg = Debug|Any CPU
		{A4965824-A5FF-4026-B1AC-51A3585D0467}.Debug|Any CPU.Build.0 = Debug|Any CPU
		{A4965824-A5FF-4026-B1AC-51A3585D0467}.Release|Any CPU.ActiveCfg = Release|Any CPU
		{A4965824-A5FF-4026-B1AC-51A3585D0467}.Release|Any CPU.Build.0 = Release|Any CPU
	EndGlobalSection
	GlobalSection(SolutionProperties) = preSolution
		HideSolutionNode = FALSE
	EndGlobalSection
	GlobalSection(ExtensibilityGlobals) = postSolution
		SolutionGuid = {446D593B-87B4-41A2-B6E8-01B6E5F16209}
	EndGlobalSection
EndGlobal
