
Microsoft Visual Studio Solution File, Format Version 12.00
# Visual Studio Version 16
VisualStudioVersion = 16.0.31105.61
MinimumVisualStudioVersion = 10.0.40219.1
Project("{FAE04EC0-301F-11D3-BF4B-00C04F79EFBC}") = "HolaMundoASP", "HolaMundoASP\HolaMundoASP.csproj", "{ABAD363D-27B7-48FB-B034-36CCE0F2D1C8}"
EndProject
Global
	GlobalSection(SolutionConfigurationPlatforms) = preSolution
		Debug|Any CPU = Debug|Any CPU
		Release|Any CPU = Release|Any CPU
	EndGlobalSection
	GlobalSection(ProjectConfigurationPlatforms) = postSolution
		{ABAD363D-27B7-48FB-B034-36CCE0F2D1C8}.Debug|Any CPU.ActiveCfg = Debug|Any CPU
		{ABAD363D-27B7-48FB-B034-36CCE0F2D1C8}.Debug|Any CPU.Build.0 = Debug|Any CPU
		{ABAD363D-27B7-48FB-B034-36CCE0F2D1C8}.Release|Any CPU.ActiveCfg = Release|Any CPU
		{ABAD363D-27B7-48FB-B034-36CCE0F2D1C8}.Release|Any CPU.Build.0 = Release|Any CPU
	EndGlobalSection
	GlobalSection(SolutionProperties) = preSolution
		HideSolutionNode = FALSE
	EndGlobalSection
	GlobalSection(ExtensibilityGlobals) = postSolution
		SolutionGuid = {38DE0D53-4897-4D6F-9376-F766564772D1}
	EndGlobalSection
EndGlobal
