
Microsoft Visual Studio Solution File, Format Version 12.00
# Visual Studio Version 16
VisualStudioVersion = 16.0.31105.61
MinimumVisualStudioVersion = 10.0.40219.1
Project("{FAE04EC0-301F-11D3-BF4B-00C04F79EFBC}") = "HolaMundoSocket", "HolaMundoSocket\HolaMundoSocket.csproj", "{4FBF4EE4-E4E8-474B-A0B6-F79FD99E080A}"
EndProject
Project("{FAE04EC0-301F-11D3-BF4B-00C04F79EFBC}") = "ClienteHolaMundoS", "ClienteHolaMundoS\ClienteHolaMundoS.csproj", "{23286A3C-4A39-41E8-ABCD-A3D57FA9F03D}"
EndProject
Global
	GlobalSection(SolutionConfigurationPlatforms) = preSolution
		Debug|Any CPU = Debug|Any CPU
		Release|Any CPU = Release|Any CPU
	EndGlobalSection
	GlobalSection(ProjectConfigurationPlatforms) = postSolution
		{4FBF4EE4-E4E8-474B-A0B6-F79FD99E080A}.Debug|Any CPU.ActiveCfg = Debug|Any CPU
		{4FBF4EE4-E4E8-474B-A0B6-F79FD99E080A}.Debug|Any CPU.Build.0 = Debug|Any CPU
		{4FBF4EE4-E4E8-474B-A0B6-F79FD99E080A}.Release|Any CPU.ActiveCfg = Release|Any CPU
		{4FBF4EE4-E4E8-474B-A0B6-F79FD99E080A}.Release|Any CPU.Build.0 = Release|Any CPU
		{23286A3C-4A39-41E8-ABCD-A3D57FA9F03D}.Debug|Any CPU.ActiveCfg = Debug|Any CPU
		{23286A3C-4A39-41E8-ABCD-A3D57FA9F03D}.Debug|Any CPU.Build.0 = Debug|Any CPU
		{23286A3C-4A39-41E8-ABCD-A3D57FA9F03D}.Release|Any CPU.ActiveCfg = Release|Any CPU
		{23286A3C-4A39-41E8-ABCD-A3D57FA9F03D}.Release|Any CPU.Build.0 = Release|Any CPU
	EndGlobalSection
	GlobalSection(SolutionProperties) = preSolution
		HideSolutionNode = FALSE
	EndGlobalSection
	GlobalSection(ExtensibilityGlobals) = postSolution
		SolutionGuid = {1BEA8047-ADBC-4381-B5C2-859EC9A8A353}
	EndGlobalSection
EndGlobal
