
Microsoft Visual Studio Solution File, Format Version 12.00
# Visual Studio Version 16
VisualStudioVersion = 16.0.31105.61
MinimumVisualStudioVersion = 10.0.40219.1
Project("{FAE04EC0-301F-11D3-BF4B-00C04F79EFBC}") = "EjercicioSocketServidor", "EjercicioSocketServidor\EjercicioSocketServidor.csproj", "{57AB68E0-B60C-4FAC-B5CA-EA983DBDD8B1}"
EndProject
Project("{FAE04EC0-301F-11D3-BF4B-00C04F79EFBC}") = "ServidorSocketUtils", "ServidorSocketUtils\ServidorSocketUtils.csproj", "{48C487B5-927C-47F4-9C3C-05B3F9229C87}"
EndProject
Project("{FAE04EC0-301F-11D3-BF4B-00C04F79EFBC}") = "EjercicioClienteSocket", "EjercicioClienteSocket\EjercicioClienteSocket.csproj", "{5A0CB2B9-D892-4DB7-BE32-6DD779D9CB56}"
EndProject
Project("{FAE04EC0-301F-11D3-BF4B-00C04F79EFBC}") = "ClienteSocketUtils", "ClienteSocketUtils\ClienteSocketUtils.csproj", "{DAA6F2ED-CA64-4CAD-9BEB-8292BF2478E7}"
EndProject
Global
	GlobalSection(SolutionConfigurationPlatforms) = preSolution
		Debug|Any CPU = Debug|Any CPU
		Release|Any CPU = Release|Any CPU
	EndGlobalSection
	GlobalSection(ProjectConfigurationPlatforms) = postSolution
		{57AB68E0-B60C-4FAC-B5CA-EA983DBDD8B1}.Debug|Any CPU.ActiveCfg = Debug|Any CPU
		{57AB68E0-B60C-4FAC-B5CA-EA983DBDD8B1}.Debug|Any CPU.Build.0 = Debug|Any CPU
		{57AB68E0-B60C-4FAC-B5CA-EA983DBDD8B1}.Release|Any CPU.ActiveCfg = Release|Any CPU
		{57AB68E0-B60C-4FAC-B5CA-EA983DBDD8B1}.Release|Any CPU.Build.0 = Release|Any CPU
		{48C487B5-927C-47F4-9C3C-05B3F9229C87}.Debug|Any CPU.ActiveCfg = Debug|Any CPU
		{48C487B5-927C-47F4-9C3C-05B3F9229C87}.Debug|Any CPU.Build.0 = Debug|Any CPU
		{48C487B5-927C-47F4-9C3C-05B3F9229C87}.Release|Any CPU.ActiveCfg = Release|Any CPU
		{48C487B5-927C-47F4-9C3C-05B3F9229C87}.Release|Any CPU.Build.0 = Release|Any CPU
		{5A0CB2B9-D892-4DB7-BE32-6DD779D9CB56}.Debug|Any CPU.ActiveCfg = Debug|Any CPU
		{5A0CB2B9-D892-4DB7-BE32-6DD779D9CB56}.Debug|Any CPU.Build.0 = Debug|Any CPU
		{5A0CB2B9-D892-4DB7-BE32-6DD779D9CB56}.Release|Any CPU.ActiveCfg = Release|Any CPU
		{5A0CB2B9-D892-4DB7-BE32-6DD779D9CB56}.Release|Any CPU.Build.0 = Release|Any CPU
		{DAA6F2ED-CA64-4CAD-9BEB-8292BF2478E7}.Debug|Any CPU.ActiveCfg = Debug|Any CPU
		{DAA6F2ED-CA64-4CAD-9BEB-8292BF2478E7}.Debug|Any CPU.Build.0 = Debug|Any CPU
		{DAA6F2ED-CA64-4CAD-9BEB-8292BF2478E7}.Release|Any CPU.ActiveCfg = Release|Any CPU
		{DAA6F2ED-CA64-4CAD-9BEB-8292BF2478E7}.Release|Any CPU.Build.0 = Release|Any CPU
	EndGlobalSection
	GlobalSection(SolutionProperties) = preSolution
		HideSolutionNode = FALSE
	EndGlobalSection
	GlobalSection(ExtensibilityGlobals) = postSolution
		SolutionGuid = {568FDB08-E819-4221-AEBB-0101F74E8392}
	EndGlobalSection
EndGlobal
