
Microsoft Visual Studio Solution File, Format Version 12.00
# Visual Studio Version 16
VisualStudioVersion = 16.0.31105.61
MinimumVisualStudioVersion = 10.0.40219.1
Project("{FAE04EC0-301F-11D3-BF4B-00C04F79EFBC}") = "EjercicioHebra", "EjercicioHebra\EjercicioHebra.csproj", "{64992005-8072-4BB9-B6F1-EF30FDC6FD26}"
EndProject
Global
	GlobalSection(SolutionConfigurationPlatforms) = preSolution
		Debug|Any CPU = Debug|Any CPU
		Release|Any CPU = Release|Any CPU
	EndGlobalSection
	GlobalSection(ProjectConfigurationPlatforms) = postSolution
		{64992005-8072-4BB9-B6F1-EF30FDC6FD26}.Debug|Any CPU.ActiveCfg = Debug|Any CPU
		{64992005-8072-4BB9-B6F1-EF30FDC6FD26}.Debug|Any CPU.Build.0 = Debug|Any CPU
		{64992005-8072-4BB9-B6F1-EF30FDC6FD26}.Release|Any CPU.ActiveCfg = Release|Any CPU
		{64992005-8072-4BB9-B6F1-EF30FDC6FD26}.Release|Any CPU.Build.0 = Release|Any CPU
	EndGlobalSection
	GlobalSection(SolutionProperties) = preSolution
		HideSolutionNode = FALSE
	EndGlobalSection
	GlobalSection(ExtensibilityGlobals) = postSolution
		SolutionGuid = {BF6F877F-3126-4B78-A320-1AD0E73EA44A}
	EndGlobalSection
EndGlobal
