
Microsoft Visual Studio Solution File, Format Version 12.00
# Visual Studio Version 16
VisualStudioVersion = 16.0.31105.61
MinimumVisualStudioVersion = 10.0.40219.1
Project("{FAE04EC0-301F-11D3-BF4B-00C04F79EFBC}") = "EventosWeb", "EventosWeb\EventosWeb.csproj", "{4E04B61A-F8E8-4089-A08F-F37B742EF5EE}"
EndProject
Project("{FAE04EC0-301F-11D3-BF4B-00C04F79EFBC}") = "EventosModel", "EventosModel\EventosModel.csproj", "{919EA838-8CA1-48AE-99EC-9A9FD0B51473}"
EndProject
Global
	GlobalSection(SolutionConfigurationPlatforms) = preSolution
		Debug|Any CPU = Debug|Any CPU
		Release|Any CPU = Release|Any CPU
	EndGlobalSection
	GlobalSection(ProjectConfigurationPlatforms) = postSolution
		{4E04B61A-F8E8-4089-A08F-F37B742EF5EE}.Debug|Any CPU.ActiveCfg = Debug|Any CPU
		{4E04B61A-F8E8-4089-A08F-F37B742EF5EE}.Debug|Any CPU.Build.0 = Debug|Any CPU
		{4E04B61A-F8E8-4089-A08F-F37B742EF5EE}.Release|Any CPU.ActiveCfg = Release|Any CPU
		{4E04B61A-F8E8-4089-A08F-F37B742EF5EE}.Release|Any CPU.Build.0 = Release|Any CPU
		{919EA838-8CA1-48AE-99EC-9A9FD0B51473}.Debug|Any CPU.ActiveCfg = Debug|Any CPU
		{919EA838-8CA1-48AE-99EC-9A9FD0B51473}.Debug|Any CPU.Build.0 = Debug|Any CPU
		{919EA838-8CA1-48AE-99EC-9A9FD0B51473}.Release|Any CPU.ActiveCfg = Release|Any CPU
		{919EA838-8CA1-48AE-99EC-9A9FD0B51473}.Release|Any CPU.Build.0 = Release|Any CPU
	EndGlobalSection
	GlobalSection(SolutionProperties) = preSolution
		HideSolutionNode = FALSE
	EndGlobalSection
	GlobalSection(ExtensibilityGlobals) = postSolution
		SolutionGuid = {54B79955-BC0C-4E98-B6A8-1DA6A35DD529}
	EndGlobalSection
EndGlobal
