
Microsoft Visual Studio Solution File, Format Version 12.00
# Visual Studio Version 16
VisualStudioVersion = 16.0.31105.61
MinimumVisualStudioVersion = 10.0.40219.1
Project("{FAE04EC0-301F-11D3-BF4B-00C04F79EFBC}") = "Holamundo", "Holamundo\Holamundo.csproj", "{0A6E49E7-17E1-466C-840E-A4F62DBB6AAC}"
EndProject
Global
	GlobalSection(SolutionConfigurationPlatforms) = preSolution
		Debug|Any CPU = Debug|Any CPU
		Release|Any CPU = Release|Any CPU
	EndGlobalSection
	GlobalSection(ProjectConfigurationPlatforms) = postSolution
		{0A6E49E7-17E1-466C-840E-A4F62DBB6AAC}.Debug|Any CPU.ActiveCfg = Debug|Any CPU
		{0A6E49E7-17E1-466C-840E-A4F62DBB6AAC}.Debug|Any CPU.Build.0 = Debug|Any CPU
		{0A6E49E7-17E1-466C-840E-A4F62DBB6AAC}.Release|Any CPU.ActiveCfg = Release|Any CPU
		{0A6E49E7-17E1-466C-840E-A4F62DBB6AAC}.Release|Any CPU.Build.0 = Release|Any CPU
	EndGlobalSection
	GlobalSection(SolutionProperties) = preSolution
		HideSolutionNode = FALSE
	EndGlobalSection
	GlobalSection(ExtensibilityGlobals) = postSolution
		SolutionGuid = {8A5C54B6-4ACB-4DF6-A6F7-4B07BE7058D7}
	EndGlobalSection
EndGlobal
